
Microsoft Visual Studio Solution File, Format Version 11.00
# Visual Studio 2010
Project("{FAE04EC0-301F-11D3-BF4B-00C04F79EFBC}") = "ModLauncher", "ModLauncher.csproj", "{BDCE48EB-5567-4777-BAD9-A5FC80302F29}"
EndProject
Global
	GlobalSection(SolutionConfigurationPlatforms) = preSolution
		Debug|x86 = Debug|x86
		Release|x86 = Release|x86
	EndGlobalSection
	GlobalSection(ProjectConfigurationPlatforms) = postSolution
		{BDCE48EB-5567-4777-BAD9-A5FC80302F29}.Debug|x86.ActiveCfg = Debug|x86
		{BDCE48EB-5567-4777-BAD9-A5FC80302F29}.Debug|x86.Build.0 = Debug|x86
		{BDCE48EB-5567-4777-BAD9-A5FC80302F29}.Release|x86.ActiveCfg = Release|x86
		{BDCE48EB-5567-4777-BAD9-A5FC80302F29}.Release|x86.Build.0 = Release|x86
	EndGlobalSection
	GlobalSection(SolutionProperties) = preSolution
		HideSolutionNode = FALSE
	EndGlobalSection
EndGlobal
